// !$*UTF8*$!
{
	archiveVersion = 1;
	classes = {
	};
	objectVersion = 55;
	objects = {

/* Begin PBXBuildFile section */
		8E2C64D22913CDC0001FD8C8 /* AppDelegate.swift in Sources */ = {isa = PBXBuildFile; fileRef = 8E2C64D12913CDC0001FD8C8 /* AppDelegate.swift */; };
		8E2C64D62913CDC0001FD8C8 /* SignInViewController.swift in Sources */ = {isa = PBXBuildFile; fileRef = 8E2C64D52913CDC0001FD8C8 /* SignInViewController.swift */; };
		8E2C64D92913CDC0001FD8C8 /* SignInScreen.storyboard in Resources */ = {isa = PBXBuildFile; fileRef = 8E2C64D72913CDC0001FD8C8 /* SignInScreen.storyboard */; };
		8E2C64DB2913CDC5001FD8C8 /* Assets.xcassets in Resources */ = {isa = PBXBuildFile; fileRef = 8E2C64DA2913CDC5001FD8C8 /* Assets.xcassets */; };
		8E2C64DE2913CDC5001FD8C8 /* LaunchScreen.storyboard in Resources */ = {isa = PBXBuildFile; fileRef = 8E2C64DC2913CDC5001FD8C8 /* LaunchScreen.storyboard */; };
		8E4EB48E2913ECF400633996 /* GreetingView.swift in Sources */ = {isa = PBXBuildFile; fileRef = 8E4EB48D2913ECF400633996 /* GreetingView.swift */; };
		8E4EB4902913ED0A00633996 /* SignInView.swift in Sources */ = {isa = PBXBuildFile; fileRef = 8E4EB48F2913ED0A00633996 /* SignInView.swift */; };
		8E4EB4922913ED2800633996 /* GreetingView.xib in Resources */ = {isa = PBXBuildFile; fileRef = 8E4EB4912913ED2800633996 /* GreetingView.xib */; };
		8E4EB496291520C000633996 /* SignUpViewController.swift in Sources */ = {isa = PBXBuildFile; fileRef = 8E4EB495291520C000633996 /* SignUpViewController.swift */; };
		8E4EB499291520E400633996 /* SignUpScreen.storyboard in Resources */ = {isa = PBXBuildFile; fileRef = 8E4EB498291520E400633996 /* SignUpScreen.storyboard */; };
		8EE665152915295900A94599 /* SignInView.xib in Resources */ = {isa = PBXBuildFile; fileRef = 8EE665142915295900A94599 /* SignInView.xib */; };
		8EE6651A2916793800A94599 /* SubscriptionsScreen.storyboard in Resources */ = {isa = PBXBuildFile; fileRef = 8EE665192916793800A94599 /* SubscriptionsScreen.storyboard */; };
		8EE6651C2916795300A94599 /* SubscriptionsViewController.swift in Sources */ = {isa = PBXBuildFile; fileRef = 8EE6651B2916795300A94599 /* SubscriptionsViewController.swift */; };
		8EE6652729167B0F00A94599 /* SetUpKeyboardViewController.swift in Sources */ = {isa = PBXBuildFile; fileRef = 8EE6652629167B0F00A94599 /* SetUpKeyboardViewController.swift */; };
		8EE6652929167C6200A94599 /* Alert+ViewControllerExtension.swift in Sources */ = {isa = PBXBuildFile; fileRef = 8EE6652829167C6200A94599 /* Alert+ViewControllerExtension.swift */; };
		8EE6652C29167E5F00A94599 /* RealmDataStore.swift in Sources */ = {isa = PBXBuildFile; fileRef = 8EE6652B29167E5F00A94599 /* RealmDataStore.swift */; };
		8EE6652F29167EC600A94599 /* User.swift in Sources */ = {isa = PBXBuildFile; fileRef = 8EE6652E29167EC600A94599 /* User.swift */; };
		8EE6653229167FC100A94599 /* Realm in Frameworks */ = {isa = PBXBuildFile; productRef = 8EE6653129167FC100A94599 /* Realm */; };
		8EE6653429167FC100A94599 /* RealmSwift in Frameworks */ = {isa = PBXBuildFile; productRef = 8EE6653329167FC100A94599 /* RealmSwift */; };
		8EE665362916A01000A94599 /* UIView+Extension.swift in Sources */ = {isa = PBXBuildFile; fileRef = 8EE665352916A01000A94599 /* UIView+Extension.swift */; };
		8EE665382917BECF00A94599 /* String+OptionalExtension.swift in Sources */ = {isa = PBXBuildFile; fileRef = 8EE665372917BECF00A94599 /* String+OptionalExtension.swift */; };
		8EE6653A291812A800A94599 /* UserDefaultsKeys.swift in Sources */ = {isa = PBXBuildFile; fileRef = 8EE66539291812A800A94599 /* UserDefaultsKeys.swift */; };
		8EE6653D291818EE00A94599 /* SubscriptionTableViewCell.swift in Sources */ = {isa = PBXBuildFile; fileRef = 8EE6653B291818EE00A94599 /* SubscriptionTableViewCell.swift */; };
		8EE6653E291818EE00A94599 /* SubscriptionTableViewCell.xib in Resources */ = {isa = PBXBuildFile; fileRef = 8EE6653C291818EE00A94599 /* SubscriptionTableViewCell.xib */; };
		8EE665442918EE5C00A94599 /* AddSubscriptionTableViewCell.swift in Sources */ = {isa = PBXBuildFile; fileRef = 8EE665422918EE5C00A94599 /* AddSubscriptionTableViewCell.swift */; };
		8EE665452918EE5C00A94599 /* AddSubscriptionTableViewCell.xib in Resources */ = {isa = PBXBuildFile; fileRef = 8EE665432918EE5C00A94599 /* AddSubscriptionTableViewCell.xib */; };
		8EE665472918EE7700A94599 /* AddSubscriptionViewController.swift in Sources */ = {isa = PBXBuildFile; fileRef = 8EE665462918EE7700A94599 /* AddSubscriptionViewController.swift */; };
		8EE665492918EE8B00A94599 /* AddSubscriptionScreen.storyboard in Resources */ = {isa = PBXBuildFile; fileRef = 8EE665482918EE8B00A94599 /* AddSubscriptionScreen.storyboard */; };
		8EE6654B2918FA0000A94599 /* Subscription.swift in Sources */ = {isa = PBXBuildFile; fileRef = 8EE6654A2918FA0000A94599 /* Subscription.swift */; };
		8EE6654E291996AC00A94599 /* SubscriptionInfoViewController.swift in Sources */ = {isa = PBXBuildFile; fileRef = 8EE6654D291996AC00A94599 /* SubscriptionInfoViewController.swift */; };
		8EE66550291996C900A94599 /* SubscriptionInfoScreen.storyboard in Resources */ = {isa = PBXBuildFile; fileRef = 8EE6654F291996C900A94599 /* SubscriptionInfoScreen.storyboard */; };
		8EE66552291A712100A94599 /* ToolbarPickerView.swift in Sources */ = {isa = PBXBuildFile; fileRef = 8EE66551291A712000A94599 /* ToolbarPickerView.swift */; };
		8EE66555291A758300A94599 /* PickerTypeEnum.swift in Sources */ = {isa = PBXBuildFile; fileRef = 8EE66554291A758300A94599 /* PickerTypeEnum.swift */; };
		8EE66558291A8AF100A94599 /* UIDatePickerTextField+Extension.swift in Sources */ = {isa = PBXBuildFile; fileRef = 8EE66557291A8AF100A94599 /* UIDatePickerTextField+Extension.swift */; };
/* End PBXBuildFile section */

/* Begin PBXFileReference section */
		8E2C64CE2913CDC0001FD8C8 /* Subs Manager.app */ = {isa = PBXFileReference; explicitFileType = wrapper.application; includeInIndex = 0; path = "Subs Manager.app"; sourceTree = BUILT_PRODUCTS_DIR; };
		8E2C64D12913CDC0001FD8C8 /* AppDelegate.swift */ = {isa = PBXFileReference; lastKnownFileType = sourcecode.swift; path = AppDelegate.swift; sourceTree = "<group>"; };
		8E2C64D52913CDC0001FD8C8 /* SignInViewController.swift */ = {isa = PBXFileReference; lastKnownFileType = sourcecode.swift; path = SignInViewController.swift; sourceTree = "<group>"; };
		8E2C64D82913CDC0001FD8C8 /* Base */ = {isa = PBXFileReference; lastKnownFileType = file.storyboard; name = Base; path = Base.lproj/SignInScreen.storyboard; sourceTree = "<group>"; };
		8E2C64DA2913CDC5001FD8C8 /* Assets.xcassets */ = {isa = PBXFileReference; lastKnownFileType = folder.assetcatalog; path = Assets.xcassets; sourceTree = "<group>"; };
		8E2C64DD2913CDC5001FD8C8 /* Base */ = {isa = PBXFileReference; lastKnownFileType = file.storyboard; name = Base; path = Base.lproj/LaunchScreen.storyboard; sourceTree = "<group>"; };
		8E2C64DF2913CDC5001FD8C8 /* Info.plist */ = {isa = PBXFileReference; lastKnownFileType = text.plist.xml; path = Info.plist; sourceTree = "<group>"; };
		8E4EB48D2913ECF400633996 /* GreetingView.swift */ = {isa = PBXFileReference; lastKnownFileType = sourcecode.swift; path = GreetingView.swift; sourceTree = "<group>"; };
		8E4EB48F2913ED0A00633996 /* SignInView.swift */ = {isa = PBXFileReference; lastKnownFileType = sourcecode.swift; path = SignInView.swift; sourceTree = "<group>"; };
		8E4EB4912913ED2800633996 /* GreetingView.xib */ = {isa = PBXFileReference; lastKnownFileType = file.xib; path = GreetingView.xib; sourceTree = "<group>"; };
		8E4EB495291520C000633996 /* SignUpViewController.swift */ = {isa = PBXFileReference; lastKnownFileType = sourcecode.swift; path = SignUpViewController.swift; sourceTree = "<group>"; };
		8E4EB498291520E400633996 /* SignUpScreen.storyboard */ = {isa = PBXFileReference; lastKnownFileType = file.storyboard; path = SignUpScreen.storyboard; sourceTree = "<group>"; };
		8EE665142915295900A94599 /* SignInView.xib */ = {isa = PBXFileReference; fileEncoding = 4; lastKnownFileType = file.xib; path = SignInView.xib; sourceTree = "<group>"; };
		8EE665192916793800A94599 /* SubscriptionsScreen.storyboard */ = {isa = PBXFileReference; lastKnownFileType = file.storyboard; path = SubscriptionsScreen.storyboard; sourceTree = "<group>"; };
		8EE6651B2916795300A94599 /* SubscriptionsViewController.swift */ = {isa = PBXFileReference; lastKnownFileType = sourcecode.swift; path = SubscriptionsViewController.swift; sourceTree = "<group>"; };
		8EE6652629167B0F00A94599 /* SetUpKeyboardViewController.swift */ = {isa = PBXFileReference; lastKnownFileType = sourcecode.swift; path = SetUpKeyboardViewController.swift; sourceTree = "<group>"; };
		8EE6652829167C6200A94599 /* Alert+ViewControllerExtension.swift */ = {isa = PBXFileReference; lastKnownFileType = sourcecode.swift; path = "Alert+ViewControllerExtension.swift"; sourceTree = "<group>"; };
		8EE6652B29167E5F00A94599 /* RealmDataStore.swift */ = {isa = PBXFileReference; lastKnownFileType = sourcecode.swift; path = RealmDataStore.swift; sourceTree = "<group>"; };
		8EE6652E29167EC600A94599 /* User.swift */ = {isa = PBXFileReference; lastKnownFileType = sourcecode.swift; path = User.swift; sourceTree = "<group>"; };
		8EE665352916A01000A94599 /* UIView+Extension.swift */ = {isa = PBXFileReference; lastKnownFileType = sourcecode.swift; path = "UIView+Extension.swift"; sourceTree = "<group>"; };
		8EE665372917BECF00A94599 /* String+OptionalExtension.swift */ = {isa = PBXFileReference; lastKnownFileType = sourcecode.swift; path = "String+OptionalExtension.swift"; sourceTree = "<group>"; };
		8EE66539291812A800A94599 /* UserDefaultsKeys.swift */ = {isa = PBXFileReference; lastKnownFileType = sourcecode.swift; path = UserDefaultsKeys.swift; sourceTree = "<group>"; };
		8EE6653B291818EE00A94599 /* SubscriptionTableViewCell.swift */ = {isa = PBXFileReference; lastKnownFileType = sourcecode.swift; path = SubscriptionTableViewCell.swift; sourceTree = "<group>"; };
		8EE6653C291818EE00A94599 /* SubscriptionTableViewCell.xib */ = {isa = PBXFileReference; lastKnownFileType = file.xib; path = SubscriptionTableViewCell.xib; sourceTree = "<group>"; };
		8EE665422918EE5C00A94599 /* AddSubscriptionTableViewCell.swift */ = {isa = PBXFileReference; lastKnownFileType = sourcecode.swift; path = AddSubscriptionTableViewCell.swift; sourceTree = "<group>"; };
		8EE665432918EE5C00A94599 /* AddSubscriptionTableViewCell.xib */ = {isa = PBXFileReference; lastKnownFileType = file.xib; path = AddSubscriptionTableViewCell.xib; sourceTree = "<group>"; };
		8EE665462918EE7700A94599 /* AddSubscriptionViewController.swift */ = {isa = PBXFileReference; lastKnownFileType = sourcecode.swift; path = AddSubscriptionViewController.swift; sourceTree = "<group>"; };
		8EE665482918EE8B00A94599 /* AddSubscriptionScreen.storyboard */ = {isa = PBXFileReference; lastKnownFileType = file.storyboard; path = AddSubscriptionScreen.storyboard; sourceTree = "<group>"; };
		8EE6654A2918FA0000A94599 /* Subscription.swift */ = {isa = PBXFileReference; lastKnownFileType = sourcecode.swift; path = Subscription.swift; sourceTree = "<group>"; };
		8EE6654D291996AC00A94599 /* SubscriptionInfoViewController.swift */ = {isa = PBXFileReference; lastKnownFileType = sourcecode.swift; path = SubscriptionInfoViewController.swift; sourceTree = "<group>"; };
		8EE6654F291996C900A94599 /* SubscriptionInfoScreen.storyboard */ = {isa = PBXFileReference; lastKnownFileType = file.storyboard; path = SubscriptionInfoScreen.storyboard; sourceTree = "<group>"; };
		8EE66551291A712000A94599 /* ToolbarPickerView.swift */ = {isa = PBXFileReference; lastKnownFileType = sourcecode.swift; path = ToolbarPickerView.swift; sourceTree = "<group>"; };
		8EE66554291A758300A94599 /* PickerTypeEnum.swift */ = {isa = PBXFileReference; lastKnownFileType = sourcecode.swift; path = PickerTypeEnum.swift; sourceTree = "<group>"; };
		8EE66557291A8AF100A94599 /* UIDatePickerTextField+Extension.swift */ = {isa = PBXFileReference; lastKnownFileType = sourcecode.swift; path = "UIDatePickerTextField+Extension.swift"; sourceTree = "<group>"; };
/* End PBXFileReference section */

/* Begin PBXFrameworksBuildPhase section */
		8E2C64CB2913CDC0001FD8C8 /* Frameworks */ = {
			isa = PBXFrameworksBuildPhase;
			buildActionMask = 2147483647;
			files = (
				8EE6653429167FC100A94599 /* RealmSwift in Frameworks */,
				8EE6653229167FC100A94599 /* Realm in Frameworks */,
			);
			runOnlyForDeploymentPostprocessing = 0;
		};
/* End PBXFrameworksBuildPhase section */

/* Begin PBXGroup section */
		8E2C64C52913CDC0001FD8C8 = {
			isa = PBXGroup;
			children = (
				8E2C64D02913CDC0001FD8C8 /* Subs Manager */,
				8E2C64CF2913CDC0001FD8C8 /* Products */,
			);
			sourceTree = "<group>";
		};
		8E2C64CF2913CDC0001FD8C8 /* Products */ = {
			isa = PBXGroup;
			children = (
				8E2C64CE2913CDC0001FD8C8 /* Subs Manager.app */,
			);
			name = Products;
			sourceTree = "<group>";
		};
		8E2C64D02913CDC0001FD8C8 /* Subs Manager */ = {
			isa = PBXGroup;
			children = (
				8EE6652A29167E4C00A94599 /* Store */,
				8EE6652429167A3400A94599 /* Helper */,
				8E4EB48A2913DFDA00633996 /* Screens */,
				8E4EB48B2913DFF000633996 /* App */,
			);
			path = "Subs Manager";
			sourceTree = "<group>";
		};
		8E4EB4892913DF7100633996 /* Sign In */ = {
			isa = PBXGroup;
			children = (
				8E4EB48C2913EAF800633996 /* CustomViews */,
				8E2C64D52913CDC0001FD8C8 /* SignInViewController.swift */,
				8E2C64D72913CDC0001FD8C8 /* SignInScreen.storyboard */,
			);
			path = "Sign In";
			sourceTree = "<group>";
		};
		8E4EB48A2913DFDA00633996 /* Screens */ = {
			isa = PBXGroup;
			children = (
				8EE6654C2919967F00A94599 /* Subscription Info */,
				8EE6653F2918EE1C00A94599 /* Add Subscription */,
				8E4EB4892913DF7100633996 /* Sign In */,
				8E4EB497291520C700633996 /* Sign Up */,
				8EE665182916790D00A94599 /* Subscriptions */,
				8EE6652529167A3E00A94599 /* Base */,
			);
			path = Screens;
			sourceTree = "<group>";
		};
		8E4EB48B2913DFF000633996 /* App */ = {
			isa = PBXGroup;
			children = (
				8E2C64DA2913CDC5001FD8C8 /* Assets.xcassets */,
				8E2C64DF2913CDC5001FD8C8 /* Info.plist */,
				8E2C64DC2913CDC5001FD8C8 /* LaunchScreen.storyboard */,
				8E2C64D12913CDC0001FD8C8 /* AppDelegate.swift */,
			);
			path = App;
			sourceTree = "<group>";
		};
		8E4EB48C2913EAF800633996 /* CustomViews */ = {
			isa = PBXGroup;
			children = (
				8E4EB48D2913ECF400633996 /* GreetingView.swift */,
				8E4EB4912913ED2800633996 /* GreetingView.xib */,
				8E4EB48F2913ED0A00633996 /* SignInView.swift */,
				8EE665142915295900A94599 /* SignInView.xib */,
			);
			path = CustomViews;
			sourceTree = "<group>";
		};
		8E4EB497291520C700633996 /* Sign Up */ = {
			isa = PBXGroup;
			children = (
				8E4EB495291520C000633996 /* SignUpViewController.swift */,
				8E4EB498291520E400633996 /* SignUpScreen.storyboard */,
			);
			path = "Sign Up";
			sourceTree = "<group>";
		};
		8EE665182916790D00A94599 /* Subscriptions */ = {
			isa = PBXGroup;
			children = (
				8EE6651D2916795900A94599 /* Cell */,
				8EE665192916793800A94599 /* SubscriptionsScreen.storyboard */,
				8EE6651B2916795300A94599 /* SubscriptionsViewController.swift */,
			);
			path = Subscriptions;
			sourceTree = "<group>";
		};
		8EE6651D2916795900A94599 /* Cell */ = {
			isa = PBXGroup;
			children = (
				8EE6653B291818EE00A94599 /* SubscriptionTableViewCell.swift */,
				8EE6653C291818EE00A94599 /* SubscriptionTableViewCell.xib */,
			);
			path = Cell;
			sourceTree = "<group>";
		};
		8EE6652429167A3400A94599 /* Helper */ = {
			isa = PBXGroup;
			children = (
				8EE6652829167C6200A94599 /* Alert+ViewControllerExtension.swift */,
				8EE665352916A01000A94599 /* UIView+Extension.swift */,
				8EE665372917BECF00A94599 /* String+OptionalExtension.swift */,
				8EE66539291812A800A94599 /* UserDefaultsKeys.swift */,
				8EE66551291A712000A94599 /* ToolbarPickerView.swift */,
				8EE66557291A8AF100A94599 /* UIDatePickerTextField+Extension.swift */,
			);
			path = Helper;
			sourceTree = "<group>";
		};
		8EE6652529167A3E00A94599 /* Base */ = {
			isa = PBXGroup;
			children = (
				8EE6652629167B0F00A94599 /* SetUpKeyboardViewController.swift */,
			);
			path = Base;
			sourceTree = "<group>";
		};
		8EE6652A29167E4C00A94599 /* Store */ = {
			isa = PBXGroup;
			children = (
				8EE6652D29167EB100A94599 /* Model */,
				8EE6652B29167E5F00A94599 /* RealmDataStore.swift */,
			);
			path = Store;
			sourceTree = "<group>";
		};
		8EE6652D29167EB100A94599 /* Model */ = {
			isa = PBXGroup;
			children = (
				8EE6652E29167EC600A94599 /* User.swift */,
				8EE6654A2918FA0000A94599 /* Subscription.swift */,
			);
			path = Model;
			sourceTree = "<group>";
		};
		8EE6653F2918EE1C00A94599 /* Add Subscription */ = {
			isa = PBXGroup;
			children = (
				8EE665402918EE2E00A94599 /* Cell */,
				8EE665462918EE7700A94599 /* AddSubscriptionViewController.swift */,
				8EE665482918EE8B00A94599 /* AddSubscriptionScreen.storyboard */,
			);
			path = "Add Subscription";
			sourceTree = "<group>";
		};
		8EE665402918EE2E00A94599 /* Cell */ = {
			isa = PBXGroup;
			children = (
				8EE665422918EE5C00A94599 /* AddSubscriptionTableViewCell.swift */,
				8EE665432918EE5C00A94599 /* AddSubscriptionTableViewCell.xib */,
			);
			path = Cell;
			sourceTree = "<group>";
		};
		8EE6654C2919967F00A94599 /* Subscription Info */ = {
			isa = PBXGroup;
			children = (
				8EE66556291A801C00A94599 /* Type */,
				8EE6654D291996AC00A94599 /* SubscriptionInfoViewController.swift */,
				8EE6654F291996C900A94599 /* SubscriptionInfoScreen.storyboard */,
			);
			path = "Subscription Info";
			sourceTree = "<group>";
		};
		8EE66556291A801C00A94599 /* Type */ = {
			isa = PBXGroup;
			children = (
				8EE66554291A758300A94599 /* PickerTypeEnum.swift */,
			);
			path = Type;
			sourceTree = "<group>";
		};
/* End PBXGroup section */

/* Begin PBXNativeTarget section */
		8E2C64CD2913CDC0001FD8C8 /* Subs Manager */ = {
			isa = PBXNativeTarget;
			buildConfigurationList = 8E2C64E22913CDC5001FD8C8 /* Build configuration list for PBXNativeTarget "Subs Manager" */;
			buildPhases = (
				8E2C64CA2913CDC0001FD8C8 /* Sources */,
				8E2C64CB2913CDC0001FD8C8 /* Frameworks */,
				8E2C64CC2913CDC0001FD8C8 /* Resources */,
			);
			buildRules = (
			);
			dependencies = (
			);
			name = "Subs Manager";
			packageProductDependencies = (
				8EE6653129167FC100A94599 /* Realm */,
				8EE6653329167FC100A94599 /* RealmSwift */,
			);
			productName = "Subs Manager";
			productReference = 8E2C64CE2913CDC0001FD8C8 /* Subs Manager.app */;
			productType = "com.apple.product-type.application";
		};
/* End PBXNativeTarget section */

/* Begin PBXProject section */
		8E2C64C62913CDC0001FD8C8 /* Project object */ = {
			isa = PBXProject;
			attributes = {
				BuildIndependentTargetsInParallel = 1;
				LastSwiftUpdateCheck = 1320;
				LastUpgradeCheck = 1320;
				TargetAttributes = {
					8E2C64CD2913CDC0001FD8C8 = {
						CreatedOnToolsVersion = 13.2;
					};
				};
			};
			buildConfigurationList = 8E2C64C92913CDC0001FD8C8 /* Build configuration list for PBXProject "Subs Manager" */;
			compatibilityVersion = "Xcode 13.0";
			developmentRegion = en;
			hasScannedForEncodings = 0;
			knownRegions = (
				en,
				Base,
			);
			mainGroup = 8E2C64C52913CDC0001FD8C8;
			packageReferences = (
				8EE6653029167FC100A94599 /* XCRemoteSwiftPackageReference "realm-swift" */,
			);
			productRefGroup = 8E2C64CF2913CDC0001FD8C8 /* Products */;
			projectDirPath = "";
			projectRoot = "";
			targets = (
				8E2C64CD2913CDC0001FD8C8 /* Subs Manager */,
			);
		};
/* End PBXProject section */

/* Begin PBXResourcesBuildPhase section */
		8E2C64CC2913CDC0001FD8C8 /* Resources */ = {
			isa = PBXResourcesBuildPhase;
			buildActionMask = 2147483647;
			files = (
				8E2C64DE2913CDC5001FD8C8 /* LaunchScreen.storyboard in Resources */,
				8E4EB4922913ED2800633996 /* GreetingView.xib in Resources */,
				8E2C64DB2913CDC5001FD8C8 /* Assets.xcassets in Resources */,
				8E4EB499291520E400633996 /* SignUpScreen.storyboard in Resources */,
				8EE6651A2916793800A94599 /* SubscriptionsScreen.storyboard in Resources */,
				8EE665452918EE5C00A94599 /* AddSubscriptionTableViewCell.xib in Resources */,
				8EE665492918EE8B00A94599 /* AddSubscriptionScreen.storyboard in Resources */,
				8EE66550291996C900A94599 /* SubscriptionInfoScreen.storyboard in Resources */,
				8E2C64D92913CDC0001FD8C8 /* SignInScreen.storyboard in Resources */,
				8EE6653E291818EE00A94599 /* SubscriptionTableViewCell.xib in Resources */,
				8EE665152915295900A94599 /* SignInView.xib in Resources */,
			);
			runOnlyForDeploymentPostprocessing = 0;
		};
/* End PBXResourcesBuildPhase section */

/* Begin PBXSourcesBuildPhase section */
		8E2C64CA2913CDC0001FD8C8 /* Sources */ = {
			isa = PBXSourcesBuildPhase;
			buildActionMask = 2147483647;
			files = (
				8E4EB496291520C000633996 /* SignUpViewController.swift in Sources */,
				8EE665442918EE5C00A94599 /* AddSubscriptionTableViewCell.swift in Sources */,
				8EE66555291A758300A94599 /* PickerTypeEnum.swift in Sources */,
				8EE665362916A01000A94599 /* UIView+Extension.swift in Sources */,
				8EE6654B2918FA0000A94599 /* Subscription.swift in Sources */,
				8EE665472918EE7700A94599 /* AddSubscriptionViewController.swift in Sources */,
				8EE6652C29167E5F00A94599 /* RealmDataStore.swift in Sources */,
				8E2C64D62913CDC0001FD8C8 /* SignInViewController.swift in Sources */,
				8E4EB4902913ED0A00633996 /* SignInView.swift in Sources */,
				8EE6652929167C6200A94599 /* Alert+ViewControllerExtension.swift in Sources */,
				8EE6653A291812A800A94599 /* UserDefaultsKeys.swift in Sources */,
				8EE665382917BECF00A94599 /* String+OptionalExtension.swift in Sources */,
				8E4EB48E2913ECF400633996 /* GreetingView.swift in Sources */,
				8E2C64D22913CDC0001FD8C8 /* AppDelegate.swift in Sources */,
				8EE66558291A8AF100A94599 /* UIDatePickerTextField+Extension.swift in Sources */,
				8EE6653D291818EE00A94599 /* SubscriptionTableViewCell.swift in Sources */,
				8EE6652F29167EC600A94599 /* User.swift in Sources */,
				8EE66552291A712100A94599 /* ToolbarPickerView.swift in Sources */,
				8EE6654E291996AC00A94599 /* SubscriptionInfoViewController.swift in Sources */,
				8EE6651C2916795300A94599 /* SubscriptionsViewController.swift in Sources */,
				8EE6652729167B0F00A94599 /* SetUpKeyboardViewController.swift in Sources */,
			);
			runOnlyForDeploymentPostprocessing = 0;
		};
/* End PBXSourcesBuildPhase section */

/* Begin PBXVariantGroup section */
		8E2C64D72913CDC0001FD8C8 /* SignInScreen.storyboard */ = {
			isa = PBXVariantGroup;
			children = (
				8E2C64D82913CDC0001FD8C8 /* Base */,
			);
			name = SignInScreen.storyboard;
			sourceTree = "<group>";
		};
		8E2C64DC2913CDC5001FD8C8 /* LaunchScreen.storyboard */ = {
			isa = PBXVariantGroup;
			children = (
				8E2C64DD2913CDC5001FD8C8 /* Base */,
			);
			name = LaunchScreen.storyboard;
			sourceTree = "<group>";
		};
/* End PBXVariantGroup section */

/* Begin XCBuildConfiguration section */
		8E2C64E02913CDC5001FD8C8 /* Debug */ = {
			isa = XCBuildConfiguration;
			buildSettings = {
				ALWAYS_SEARCH_USER_PATHS = NO;
				CLANG_ANALYZER_NONNULL = YES;
				CLANG_ANALYZER_NUMBER_OBJECT_CONVERSION = YES_AGGRESSIVE;
				CLANG_CXX_LANGUAGE_STANDARD = "gnu++17";
				CLANG_CXX_LIBRARY = "libc++";
				CLANG_ENABLE_MODULES = YES;
				CLANG_ENABLE_OBJC_ARC = YES;
				CLANG_ENABLE_OBJC_WEAK = YES;
				CLANG_WARN_BLOCK_CAPTURE_AUTORELEASING = YES;
				CLANG_WARN_BOOL_CONVERSION = YES;
				CLANG_WARN_COMMA = YES;
				CLANG_WARN_CONSTANT_CONVERSION = YES;
				CLANG_WARN_DEPRECATED_OBJC_IMPLEMENTATIONS = YES;
				CLANG_WARN_DIRECT_OBJC_ISA_USAGE = YES_ERROR;
				CLANG_WARN_DOCUMENTATION_COMMENTS = YES;
				CLANG_WARN_EMPTY_BODY = YES;
				CLANG_WARN_ENUM_CONVERSION = YES;
				CLANG_WARN_INFINITE_RECURSION = YES;
				CLANG_WARN_INT_CONVERSION = YES;
				CLANG_WARN_NON_LITERAL_NULL_CONVERSION = YES;
				CLANG_WARN_OBJC_IMPLICIT_RETAIN_SELF = YES;
				CLANG_WARN_OBJC_LITERAL_CONVERSION = YES;
				CLANG_WARN_OBJC_ROOT_CLASS = YES_ERROR;
				CLANG_WARN_QUOTED_INCLUDE_IN_FRAMEWORK_HEADER = YES;
				CLANG_WARN_RANGE_LOOP_ANALYSIS = YES;
				CLANG_WARN_STRICT_PROTOTYPES = YES;
				CLANG_WARN_SUSPICIOUS_MOVE = YES;
				CLANG_WARN_UNGUARDED_AVAILABILITY = YES_AGGRESSIVE;
				CLANG_WARN_UNREACHABLE_CODE = YES;
				CLANG_WARN__DUPLICATE_METHOD_MATCH = YES;
				COPY_PHASE_STRIP = NO;
				DEBUG_INFORMATION_FORMAT = dwarf;
				ENABLE_STRICT_OBJC_MSGSEND = YES;
				ENABLE_TESTABILITY = YES;
				GCC_C_LANGUAGE_STANDARD = gnu11;
				GCC_DYNAMIC_NO_PIC = NO;
				GCC_NO_COMMON_BLOCKS = YES;
				GCC_OPTIMIZATION_LEVEL = 0;
				GCC_PREPROCESSOR_DEFINITIONS = (
					"DEBUG=1",
					"$(inherited)",
				);
				GCC_WARN_64_TO_32_BIT_CONVERSION = YES;
				GCC_WARN_ABOUT_RETURN_TYPE = YES_ERROR;
				GCC_WARN_UNDECLARED_SELECTOR = YES;
				GCC_WARN_UNINITIALIZED_AUTOS = YES_AGGRESSIVE;
				GCC_WARN_UNUSED_FUNCTION = YES;
				GCC_WARN_UNUSED_VARIABLE = YES;
				IPHONEOS_DEPLOYMENT_TARGET = 15.2;
				MTL_ENABLE_DEBUG_INFO = INCLUDE_SOURCE;
				MTL_FAST_MATH = YES;
				ONLY_ACTIVE_ARCH = YES;
				SDKROOT = iphoneos;
				SWIFT_ACTIVE_COMPILATION_CONDITIONS = DEBUG;
				SWIFT_OPTIMIZATION_LEVEL = "-Onone";
			};
			name = Debug;
		};
		8E2C64E12913CDC5001FD8C8 /* Release */ = {
			isa = XCBuildConfiguration;
			buildSettings = {
				ALWAYS_SEARCH_USER_PATHS = NO;
				CLANG_ANALYZER_NONNULL = YES;
				CLANG_ANALYZER_NUMBER_OBJECT_CONVERSION = YES_AGGRESSIVE;
				CLANG_CXX_LANGUAGE_STANDARD = "gnu++17";
				CLANG_CXX_LIBRARY = "libc++";
				CLANG_ENABLE_MODULES = YES;
				CLANG_ENABLE_OBJC_ARC = YES;
				CLANG_ENABLE_OBJC_WEAK = YES;
				CLANG_WARN_BLOCK_CAPTURE_AUTORELEASING = YES;
				CLANG_WARN_BOOL_CONVERSION = YES;
				CLANG_WARN_COMMA = YES;
				CLANG_WARN_CONSTANT_CONVERSION = YES;
				CLANG_WARN_DEPRECATED_OBJC_IMPLEMENTATIONS = YES;
				CLANG_WARN_DIRECT_OBJC_ISA_USAGE = YES_ERROR;
				CLANG_WARN_DOCUMENTATION_COMMENTS = YES;
				CLANG_WARN_EMPTY_BODY = YES;
				CLANG_WARN_ENUM_CONVERSION = YES;
				CLANG_WARN_INFINITE_RECURSION = YES;
				CLANG_WARN_INT_CONVERSION = YES;
				CLANG_WARN_NON_LITERAL_NULL_CONVERSION = YES;
				CLANG_WARN_OBJC_IMPLICIT_RETAIN_SELF = YES;
				CLANG_WARN_OBJC_LITERAL_CONVERSION = YES;
				CLANG_WARN_OBJC_ROOT_CLASS = YES_ERROR;
				CLANG_WARN_QUOTED_INCLUDE_IN_FRAMEWORK_HEADER = YES;
				CLANG_WARN_RANGE_LOOP_ANALYSIS = YES;
				CLANG_WARN_STRICT_PROTOTYPES = YES;
				CLANG_WARN_SUSPICIOUS_MOVE = YES;
				CLANG_WARN_UNGUARDED_AVAILABILITY = YES_AGGRESSIVE;
				CLANG_WARN_UNREACHABLE_CODE = YES;
				CLANG_WARN__DUPLICATE_METHOD_MATCH = YES;
				COPY_PHASE_STRIP = NO;
				DEBUG_INFORMATION_FORMAT = "dwarf-with-dsym";
				ENABLE_NS_ASSERTIONS = NO;
				ENABLE_STRICT_OBJC_MSGSEND = YES;
				GCC_C_LANGUAGE_STANDARD = gnu11;
				GCC_NO_COMMON_BLOCKS = YES;
				GCC_WARN_64_TO_32_BIT_CONVERSION = YES;
				GCC_WARN_ABOUT_RETURN_TYPE = YES_ERROR;
				GCC_WARN_UNDECLARED_SELECTOR = YES;
				GCC_WARN_UNINITIALIZED_AUTOS = YES_AGGRESSIVE;
				GCC_WARN_UNUSED_FUNCTION = YES;
				GCC_WARN_UNUSED_VARIABLE = YES;
				IPHONEOS_DEPLOYMENT_TARGET = 15.2;
				MTL_ENABLE_DEBUG_INFO = NO;
				MTL_FAST_MATH = YES;
				SDKROOT = iphoneos;
				SWIFT_COMPILATION_MODE = wholemodule;
				SWIFT_OPTIMIZATION_LEVEL = "-O";
				VALIDATE_PRODUCT = YES;
			};
			name = Release;
		};
		8E2C64E32913CDC5001FD8C8 /* Debug */ = {
			isa = XCBuildConfiguration;
			buildSettings = {
				ASSETCATALOG_COMPILER_APPICON_NAME = AppIcon;
				ASSETCATALOG_COMPILER_GLOBAL_ACCENT_COLOR_NAME = AccentColor;
				CODE_SIGN_STYLE = Automatic;
				CURRENT_PROJECT_VERSION = 1;
				GENERATE_INFOPLIST_FILE = YES;
				INFOPLIST_FILE = "Subs Manager/App/Info.plist";
				INFOPLIST_KEY_UIApplicationSupportsIndirectInputEvents = YES;
				INFOPLIST_KEY_UILaunchStoryboardName = LaunchScreen;
				INFOPLIST_KEY_UIMainStoryboardFile = SignInScreen;
				INFOPLIST_KEY_UISupportedInterfaceOrientations_iPad = "UIInterfaceOrientationPortrait UIInterfaceOrientationPortraitUpsideDown UIInterfaceOrientationLandscapeLeft UIInterfaceOrientationLandscapeRight";
				INFOPLIST_KEY_UISupportedInterfaceOrientations_iPhone = "UIInterfaceOrientationPortrait UIInterfaceOrientationLandscapeLeft UIInterfaceOrientationLandscapeRight";
				LD_RUNPATH_SEARCH_PATHS = (
					"$(inherited)",
					"@executable_path/Frameworks",
				);
				MARKETING_VERSION = 1.0;
				PRODUCT_BUNDLE_IDENTIFIER = "n.12.Subs-Manager";
				PRODUCT_NAME = "$(TARGET_NAME)";
				SWIFT_EMIT_LOC_STRINGS = YES;
				SWIFT_VERSION = 5.0;
				TARGETED_DEVICE_FAMILY = "1,2";
			};
			name = Debug;
		};
		8E2C64E42913CDC5001FD8C8 /* Release */ = {
			isa = XCBuildConfiguration;
			buildSettings = {
				ASSETCATALOG_COMPILER_APPICON_NAME = AppIcon;
				ASSETCATALOG_COMPILER_GLOBAL_ACCENT_COLOR_NAME = AccentColor;
				CODE_SIGN_STYLE = Automatic;
				CURRENT_PROJECT_VERSION = 1;
				GENERATE_INFOPLIST_FILE = YES;
				INFOPLIST_FILE = "Subs Manager/App/Info.plist";
				INFOPLIST_KEY_UIApplicationSupportsIndirectInputEvents = YES;
				INFOPLIST_KEY_UILaunchStoryboardName = LaunchScreen;
				INFOPLIST_KEY_UIMainStoryboardFile = SignInScreen;
				INFOPLIST_KEY_UISupportedInterfaceOrientations_iPad = "UIInterfaceOrientationPortrait UIInterfaceOrientationPortraitUpsideDown UIInterfaceOrientationLandscapeLeft UIInterfaceOrientationLandscapeRight";
				INFOPLIST_KEY_UISupportedInterfaceOrientations_iPhone = "UIInterfaceOrientationPortrait UIInterfaceOrientationLandscapeLeft UIInterfaceOrientationLandscapeRight";
				LD_RUNPATH_SEARCH_PATHS = (
					"$(inherited)",
					"@executable_path/Frameworks",
				);
				MARKETING_VERSION = 1.0;
				PRODUCT_BUNDLE_IDENTIFIER = "n.12.Subs-Manager";
				PRODUCT_NAME = "$(TARGET_NAME)";
				SWIFT_EMIT_LOC_STRINGS = YES;
				SWIFT_VERSION = 5.0;
				TARGETED_DEVICE_FAMILY = "1,2";
			};
			name = Release;
		};
/* End XCBuildConfiguration section */

/* Begin XCConfigurationList section */
		8E2C64C92913CDC0001FD8C8 /* Build configuration list for PBXProject "Subs Manager" */ = {
			isa = XCConfigurationList;
			buildConfigurations = (
				8E2C64E02913CDC5001FD8C8 /* Debug */,
				8E2C64E12913CDC5001FD8C8 /* Release */,
			);
			defaultConfigurationIsVisible = 0;
			defaultConfigurationName = Release;
		};
		8E2C64E22913CDC5001FD8C8 /* Build configuration list for PBXNativeTarget "Subs Manager" */ = {
			isa = XCConfigurationList;
			buildConfigurations = (
				8E2C64E32913CDC5001FD8C8 /* Debug */,
				8E2C64E42913CDC5001FD8C8 /* Release */,
			);
			defaultConfigurationIsVisible = 0;
			defaultConfigurationName = Release;
		};
/* End XCConfigurationList section */

/* Begin XCRemoteSwiftPackageReference section */
		8EE6653029167FC100A94599 /* XCRemoteSwiftPackageReference "realm-swift" */ = {
			isa = XCRemoteSwiftPackageReference;
			repositoryURL = "https://github.com/realm/realm-swift";
			requirement = {
				branch = master;
				kind = branch;
			};
		};
/* End XCRemoteSwiftPackageReference section */

/* Begin XCSwiftPackageProductDependency section */
		8EE6653129167FC100A94599 /* Realm */ = {
			isa = XCSwiftPackageProductDependency;
			package = 8EE6653029167FC100A94599 /* XCRemoteSwiftPackageReference "realm-swift" */;
			productName = Realm;
		};
		8EE6653329167FC100A94599 /* RealmSwift */ = {
			isa = XCSwiftPackageProductDependency;
			package = 8EE6653029167FC100A94599 /* XCRemoteSwiftPackageReference "realm-swift" */;
			productName = RealmSwift;
		};
/* End XCSwiftPackageProductDependency section */
	};
	rootObject = 8E2C64C62913CDC0001FD8C8 /* Project object */;
}
